{
  "nodes": {
    "agenix": {
      "inputs": {
        "darwin": [],
        "home-manager": [
          "home-manager"
        ],
        "nixpkgs": [
          "nixpkgs"
        ],
        "systems": "systems"
      },
      "locked": {
        "lastModified": 1745630506,
        "narHash": "sha256-bHCFgGeu8XjWlVuaWzi3QONjDW3coZDqSHvnd4l7xus=",
        "owner": "ryantm",
        "repo": "agenix",
        "rev": "96e078c646b711aee04b82ba01aefbff87004ded",
        "type": "github"
      },
      "original": {
        "owner": "ryantm",
        "repo": "agenix",
        "type": "github"
      }
    },
    "allout58-dotfiles": {
      "flake": false,
      "locked": {
        "lastModified": 1720471600,
        "narHash": "sha256-Ck+Vg95nxdqJFtp6MVdhTV7RWw1XfGh0swxHdT27xkk=",
        "owner": "allout58",
        "repo": "dotfiles",
        "rev": "ed82212c5923b715384079666a15e62c1cdf846b",
        "type": "github"
      },
      "original": {
        "owner": "allout58",
        "ref": "main",
        "repo": "dotfiles",
        "type": "github"
      }
    },
    "flake-compat": {
      "flake": false,
      "locked": {
        "lastModified": 1733328505,
        "narHash": "sha256-NeCCThCEP3eCl2l/+27kNNK7QrwZB1IJCrXfrbv5oqU=",
        "owner": "edolstra",
        "repo": "flake-compat",
        "rev": "ff81ac966bb2cae68946d5ed5fc4994f96d0ffec",
        "type": "github"
      },
      "original": {
        "owner": "edolstra",
        "repo": "flake-compat",
        "type": "github"
      }
    },
    "home-manager": {
      "inputs": {
        "nixpkgs": [
          "nixpkgs"
        ]
      },
      "locked": {
        "lastModified": 1745557122,
        "narHash": "sha256-eqSo9ugzsqhFgaDFYUZj943nurlX4L6f+AW0skJ4W+M=",
        "owner": "nix-community",
        "repo": "home-manager",
        "rev": "dd26f75fb4ec1c731d4b1396eaf4439ce40a91c1",
        "type": "github"
      },
      "original": {
        "owner": "nix-community",
        "ref": "release-24.11",
        "repo": "home-manager",
        "type": "github"
      }
    },
    "nixos-common": {
      "inputs": {
        "agenix": [
          "agenix"
        ],
        "allout58-dotfiles": "allout58-dotfiles",
        "nixpkgs": [
          "nixpkgs"
        ]
      },
      "locked": {
        "lastModified": 1745787006,
        "narHash": "sha256-1cG9f7ppI5aZQlen537GrVqQotvu/Epp1cfd4T0yKog=",
        "owner": "allout58-infra",
        "repo": "nixos-common",
        "rev": "303ca5fc20c3b86d6c70831fcafc22c3074aeb39",
        "type": "github"
      },
      "original": {
        "owner": "allout58-infra",
        "repo": "nixos-common",
        "type": "github"
      }
    },
    "nixos-hardware": {
      "locked": {
        "lastModified": 1745503349,
        "narHash": "sha256-bUGjvaPVsOfQeTz9/rLTNLDyqbzhl0CQtJJlhFPhIYw=",
        "owner": "NixOS",
        "repo": "nixos-hardware",
        "rev": "f7bee55a5e551bd8e7b5b82c9bc559bc50d868d1",
        "type": "github"
      },
      "original": {
        "owner": "NixOS",
        "repo": "nixos-hardware",
        "type": "github"
      }
    },
    "nixos-wsl": {
      "inputs": {
        "flake-compat": "flake-compat",
        "nixpkgs": [
          "nixpkgs"
        ]
      },
      "locked": {
        "lastModified": 1744290088,
        "narHash": "sha256-/X9XVEl0EiyisNbF5srrxXRSVoRqdwExuqyspYqqEjQ=",
        "owner": "nix-community",
        "repo": "NixOS-WSL",
        "rev": "60b4904a1390ac4c89e93d95f6ed928975e525ed",
        "type": "github"
      },
      "original": {
        "owner": "nix-community",
        "ref": "main",
        "repo": "NixOS-WSL",
        "type": "github"
      }
    },
    "nixpkgs": {
      "locked": {
        "lastModified": 1745487689,
        "narHash": "sha256-FQoi3R0NjQeBAsEOo49b5tbDPcJSMWc3QhhaIi9eddw=",
        "owner": "NixOS",
        "repo": "nixpkgs",
        "rev": "5630cf13cceac06cefe9fc607e8dfa8fb342dde3",
        "type": "github"
      },
      "original": {
        "owner": "NixOS",
        "ref": "nixos-24.11",
        "repo": "nixpkgs",
        "type": "github"
      }
    },
    "nixpkgs-me": {
      "locked": {
        "lastModified": 1728954055,
        "narHash": "sha256-gs6cUfUQyZfPLh8phoREt3g/Ay9G51JILHRIuMESKnM=",
        "owner": "allout58",
        "repo": "nixpkgs",
        "rev": "b70f397207e343b46ae143d68c1f0f6bb79f068e",
        "type": "github"
      },
      "original": {
        "owner": "allout58",
        "repo": "nixpkgs",
        "type": "github"
      }
    },
    "nixpkgs-unstable": {
      "locked": {
        "lastModified": 1745526057,
        "narHash": "sha256-ITSpPDwvLBZBnPRS2bUcHY3gZSwis/uTe255QgMtTLA=",
        "owner": "NixOS",
        "repo": "nixpkgs",
        "rev": "f771eb401a46846c1aebd20552521b233dd7e18b",
        "type": "github"
      },
      "original": {
        "owner": "NixOS",
        "ref": "nixos-unstable",
        "repo": "nixpkgs",
        "type": "github"
      }
    },
    "root": {
      "inputs": {
        "agenix": "agenix",
        "home-manager": "home-manager",
        "nixos-common": "nixos-common",
        "nixos-hardware": "nixos-hardware",
        "nixos-wsl": "nixos-wsl",
        "nixpkgs": "nixpkgs",
        "nixpkgs-me": "nixpkgs-me",
        "nixpkgs-unstable": "nixpkgs-unstable"
      }
    },
    "systems": {
      "locked": {
        "lastModified": 1681028828,
        "narHash": "sha256-Vy1rq5AaRuLzOxct8nz4T6wlgyUR7zLU309k9mBC768=",
        "owner": "nix-systems",
        "repo": "default",
        "rev": "da67096a3b9bf56a91d16901293e51ba5b49a27e",
        "type": "github"
      },
      "original": {
        "owner": "nix-systems",
        "repo": "default",
        "type": "github"
      }
    }
  },
  "root": "root",
  "version": 7
}
